
Microsoft Visual Studio Solution File, Format Version 12.00
# Visual Studio Version 17
VisualStudioVersion = 17.8.34525.116
MinimumVisualStudioVersion = 10.0.40219.1
Project("{FAE04EC0-301F-11D3-BF4B-00C04F79EFBC}") = "Workaround", "Workaround\Workaround.csproj", "{8C35E4B1-CB5F-44B9-BDAC-B666F89E33D9}"
EndProject
Project("{FAE04EC0-301F-11D3-BF4B-00C04F79EFBC}") = "Entities", "Entities\Entities.csproj", "{1F28ECF9-FE45-46A7-BA59-29B3E2704246}"
EndProject
Project("{FAE04EC0-301F-11D3-BF4B-00C04F79EFBC}") = "Business", "Business\Business.csproj", "{AE7D1C9F-741C-42BE-A784-6CB072B1E99C}"
EndProject
Global
	GlobalSection(SolutionConfigurationPlatforms) = preSolution
		Debug|Any CPU = Debug|Any CPU
		Release|Any CPU = Release|Any CPU
	EndGlobalSection
	GlobalSection(ProjectConfigurationPlatforms) = postSolution
		{8C35E4B1-CB5F-44B9-BDAC-B666F89E33D9}.Debug|Any CPU.ActiveCfg = Debug|Any CPU
		{8C35E4B1-CB5F-44B9-BDAC-B666F89E33D9}.Debug|Any CPU.Build.0 = Debug|Any CPU
		{8C35E4B1-CB5F-44B9-BDAC-B666F89E33D9}.Release|Any CPU.ActiveCfg = Release|Any CPU
		{8C35E4B1-CB5F-44B9-BDAC-B666F89E33D9}.Release|Any CPU.Build.0 = Release|Any CPU
		{1F28ECF9-FE45-46A7-BA59-29B3E2704246}.Debug|Any CPU.ActiveCfg = Debug|Any CPU
		{1F28ECF9-FE45-46A7-BA59-29B3E2704246}.Debug|Any CPU.Build.0 = Debug|Any CPU
		{1F28ECF9-FE45-46A7-BA59-29B3E2704246}.Release|Any CPU.ActiveCfg = Release|Any CPU
		{1F28ECF9-FE45-46A7-BA59-29B3E2704246}.Release|Any CPU.Build.0 = Release|Any CPU
		{AE7D1C9F-741C-42BE-A784-6CB072B1E99C}.Debug|Any CPU.ActiveCfg = Debug|Any CPU
		{AE7D1C9F-741C-42BE-A784-6CB072B1E99C}.Debug|Any CPU.Build.0 = Debug|Any CPU
		{AE7D1C9F-741C-42BE-A784-6CB072B1E99C}.Release|Any CPU.ActiveCfg = Release|Any CPU
		{AE7D1C9F-741C-42BE-A784-6CB072B1E99C}.Release|Any CPU.Build.0 = Release|Any CPU
	EndGlobalSection
	GlobalSection(SolutionProperties) = preSolution
		HideSolutionNode = FALSE
	EndGlobalSection
	GlobalSection(ExtensibilityGlobals) = postSolution
		SolutionGuid = {DCA7018A-4C82-4B15-BF0E-1E2C6BE369E5}
	EndGlobalSection
EndGlobal
